// !$*UTF8*$!
{
	archiveVersion = 1;
	classes = {
	};
	objectVersion = 51;
	objects = {

/* Begin PBXBuildFile section */
		505083AE7508D72D0A6719A0 /* Pods_ExampleStyle.framework in Frameworks */ = {isa = PBXBuildFile; fileRef = A464B8545E3BD88520ADC272 /* Pods_ExampleStyle.framework */; };
		71087F9025652D9400FF41B6 /* AppDelegate.swift in Sources */ = {isa = PBXBuildFile; fileRef = 71087F8F25652D9400FF41B6 /* AppDelegate.swift */; };
		71087F9425652D9400FF41B6 /* ViewController.swift in Sources */ = {isa = PBXBuildFile; fileRef = 71087F9325652D9400FF41B6 /* ViewController.swift */; };
		71087F9725652D9400FF41B6 /* Main.storyboard in Resources */ = {isa = PBXBuildFile; fileRef = 71087F9525652D9400FF41B6 /* Main.storyboard */; };
		71087F9925652D9500FF41B6 /* Assets.xcassets in Resources */ = {isa = PBXBuildFile; fileRef = 71087F9825652D9500FF41B6 /* Assets.xcassets */; };
		71087F9C25652D9500FF41B6 /* LaunchScreen.storyboard in Resources */ = {isa = PBXBuildFile; fileRef = 71087F9A25652D9500FF41B6 /* LaunchScreen.storyboard */; };
		7194100F25653995002545F3 /* ThemeView.swift in Sources */ = {isa = PBXBuildFile; fileRef = 7194100E25653995002545F3 /* ThemeView.swift */; };
		71941013256539AF002545F3 /* ThemeLabel.swift in Sources */ = {isa = PBXBuildFile; fileRef = 71941012256539AF002545F3 /* ThemeLabel.swift */; };
/* End PBXBuildFile section */

/* Begin PBXFileReference section */
		0C9D5B859796BAA719CC6436 /* Pods-ExampleStyle.debug.xcconfig */ = {isa = PBXFileReference; includeInIndex = 1; lastKnownFileType = text.xcconfig; name = "Pods-ExampleStyle.debug.xcconfig"; path = "Target Support Files/Pods-ExampleStyle/Pods-ExampleStyle.debug.xcconfig"; sourceTree = "<group>"; };
		71087F8C25652D9400FF41B6 /* ExampleStyle.app */ = {isa = PBXFileReference; explicitFileType = wrapper.application; includeInIndex = 0; path = ExampleStyle.app; sourceTree = BUILT_PRODUCTS_DIR; };
		71087F8F25652D9400FF41B6 /* AppDelegate.swift */ = {isa = PBXFileReference; lastKnownFileType = sourcecode.swift; path = AppDelegate.swift; sourceTree = "<group>"; };
		71087F9325652D9400FF41B6 /* ViewController.swift */ = {isa = PBXFileReference; lastKnownFileType = sourcecode.swift; path = ViewController.swift; sourceTree = "<group>"; };
		71087F9625652D9400FF41B6 /* Base */ = {isa = PBXFileReference; lastKnownFileType = file.storyboard; name = Base; path = Base.lproj/Main.storyboard; sourceTree = "<group>"; };
		71087F9825652D9500FF41B6 /* Assets.xcassets */ = {isa = PBXFileReference; lastKnownFileType = folder.assetcatalog; path = Assets.xcassets; sourceTree = "<group>"; };
		71087F9B25652D9500FF41B6 /* Base */ = {isa = PBXFileReference; lastKnownFileType = file.storyboard; name = Base; path = Base.lproj/LaunchScreen.storyboard; sourceTree = "<group>"; };
		71087F9D25652D9500FF41B6 /* Info.plist */ = {isa = PBXFileReference; lastKnownFileType = text.plist.xml; path = Info.plist; sourceTree = "<group>"; };
		7194100E25653995002545F3 /* ThemeView.swift */ = {isa = PBXFileReference; lastKnownFileType = sourcecode.swift; path = ThemeView.swift; sourceTree = "<group>"; };
		71941012256539AF002545F3 /* ThemeLabel.swift */ = {isa = PBXFileReference; lastKnownFileType = sourcecode.swift; path = ThemeLabel.swift; sourceTree = "<group>"; };
		A464B8545E3BD88520ADC272 /* Pods_ExampleStyle.framework */ = {isa = PBXFileReference; explicitFileType = wrapper.framework; includeInIndex = 0; path = Pods_ExampleStyle.framework; sourceTree = BUILT_PRODUCTS_DIR; };
		A5AB57F6B98D919E3CA159DC /* Pods-ExampleStyle.release.xcconfig */ = {isa = PBXFileReference; includeInIndex = 1; lastKnownFileType = text.xcconfig; name = "Pods-ExampleStyle.release.xcconfig"; path = "Target Support Files/Pods-ExampleStyle/Pods-ExampleStyle.release.xcconfig"; sourceTree = "<group>"; };
/* End PBXFileReference section */

/* Begin PBXFrameworksBuildPhase section */
		71087F8925652D9400FF41B6 /* Frameworks */ = {
			isa = PBXFrameworksBuildPhase;
			buildActionMask = 2147483647;
			files = (
				505083AE7508D72D0A6719A0 /* Pods_ExampleStyle.framework in Frameworks */,
			);
			runOnlyForDeploymentPostprocessing = 0;
		};
/* End PBXFrameworksBuildPhase section */

/* Begin PBXGroup section */
		073094FD61FCA112C146C72F /* Pods */ = {
			isa = PBXGroup;
			children = (
				0C9D5B859796BAA719CC6436 /* Pods-ExampleStyle.debug.xcconfig */,
				A5AB57F6B98D919E3CA159DC /* Pods-ExampleStyle.release.xcconfig */,
			);
			path = Pods;
			sourceTree = "<group>";
		};
		71087F8325652D9400FF41B6 = {
			isa = PBXGroup;
			children = (
				71087F8E25652D9400FF41B6 /* ExampleStyle */,
				71087F8D25652D9400FF41B6 /* Products */,
				073094FD61FCA112C146C72F /* Pods */,
				B0DED83EE3477597C77D33FC /* Frameworks */,
			);
			sourceTree = "<group>";
		};
		71087F8D25652D9400FF41B6 /* Products */ = {
			isa = PBXGroup;
			children = (
				71087F8C25652D9400FF41B6 /* ExampleStyle.app */,
			);
			name = Products;
			sourceTree = "<group>";
		};
		71087F8E25652D9400FF41B6 /* ExampleStyle */ = {
			isa = PBXGroup;
			children = (
				7194100D25653980002545F3 /* Themes */,
				71087F8F25652D9400FF41B6 /* AppDelegate.swift */,
				71087F9325652D9400FF41B6 /* ViewController.swift */,
				71087F9525652D9400FF41B6 /* Main.storyboard */,
				71087F9825652D9500FF41B6 /* Assets.xcassets */,
				71087F9A25652D9500FF41B6 /* LaunchScreen.storyboard */,
				71087F9D25652D9500FF41B6 /* Info.plist */,
			);
			path = ExampleStyle;
			sourceTree = "<group>";
		};
		7194100D25653980002545F3 /* Themes */ = {
			isa = PBXGroup;
			children = (
				7194100E25653995002545F3 /* ThemeView.swift */,
				71941012256539AF002545F3 /* ThemeLabel.swift */,
			);
			path = Themes;
			sourceTree = "<group>";
		};
		B0DED83EE3477597C77D33FC /* Frameworks */ = {
			isa = PBXGroup;
			children = (
				A464B8545E3BD88520ADC272 /* Pods_ExampleStyle.framework */,
			);
			name = Frameworks;
			sourceTree = "<group>";
		};
/* End PBXGroup section */

/* Begin PBXNativeTarget section */
		71087F8B25652D9400FF41B6 /* ExampleStyle */ = {
			isa = PBXNativeTarget;
			buildConfigurationList = 71087FA025652D9500FF41B6 /* Build configuration list for PBXNativeTarget "ExampleStyle" */;
			buildPhases = (
				6E7F63245965D7637F13D222 /* [CP] Check Pods Manifest.lock */,
				71087F8825652D9400FF41B6 /* Sources */,
				71087F8925652D9400FF41B6 /* Frameworks */,
				71087F8A25652D9400FF41B6 /* Resources */,
				72E6489A453DB96CB95E582E /* [CP] Embed Pods Frameworks */,
			);
			buildRules = (
			);
			dependencies = (
			);
			name = ExampleStyle;
			productName = ExampleStyle;
			productReference = 71087F8C25652D9400FF41B6 /* ExampleStyle.app */;
			productType = "com.apple.product-type.application";
		};
/* End PBXNativeTarget section */

/* Begin PBXProject section */
		71087F8425652D9400FF41B6 /* Project object */ = {
			isa = PBXProject;
			attributes = {
				LastSwiftUpdateCheck = 1170;
				LastUpgradeCheck = 1170;
				ORGANIZATIONNAME = "Yuriy Savitskiy";
				TargetAttributes = {
					71087F8B25652D9400FF41B6 = {
						CreatedOnToolsVersion = 11.7;
					};
				};
			};
			buildConfigurationList = 71087F8725652D9400FF41B6 /* Build configuration list for PBXProject "ExampleStyle" */;
			compatibilityVersion = "Xcode 9.3";
			developmentRegion = en;
			hasScannedForEncodings = 0;
			knownRegions = (
				en,
				Base,
			);
			mainGroup = 71087F8325652D9400FF41B6;
			productRefGroup = 71087F8D25652D9400FF41B6 /* Products */;
			projectDirPath = "";
			projectRoot = "";
			targets = (
				71087F8B25652D9400FF41B6 /* ExampleStyle */,
			);
		};
/* End PBXProject section */

/* Begin PBXResourcesBuildPhase section */
		71087F8A25652D9400FF41B6 /* Resources */ = {
			isa = PBXResourcesBuildPhase;
			buildActionMask = 2147483647;
			files = (
				71087F9C25652D9500FF41B6 /* LaunchScreen.storyboard in Resources */,
				71087F9925652D9500FF41B6 /* Assets.xcassets in Resources */,
				71087F9725652D9400FF41B6 /* Main.storyboard in Resources */,
			);
			runOnlyForDeploymentPostprocessing = 0;
		};
/* End PBXResourcesBuildPhase section */

/* Begin PBXShellScriptBuildPhase section */
		6E7F63245965D7637F13D222 /* [CP] Check Pods Manifest.lock */ = {
			isa = PBXShellScriptBuildPhase;
			buildActionMask = 2147483647;
			files = (
			);
			inputFileListPaths = (
			);
			inputPaths = (
				"${PODS_PODFILE_DIR_PATH}/Podfile.lock",
				"${PODS_ROOT}/Manifest.lock",
			);
			name = "[CP] Check Pods Manifest.lock";
			outputFileListPaths = (
			);
			outputPaths = (
				"$(DERIVED_FILE_DIR)/Pods-ExampleStyle-checkManifestLockResult.txt",
			);
			runOnlyForDeploymentPostprocessing = 0;
			shellPath = /bin/sh;
			shellScript = "diff \"${PODS_PODFILE_DIR_PATH}/Podfile.lock\" \"${PODS_ROOT}/Manifest.lock\" > /dev/null\nif [ $? != 0 ] ; then\n    # print error to STDERR\n    echo \"error: The sandbox is not in sync with the Podfile.lock. Run 'pod install' or update your CocoaPods installation.\" >&2\n    exit 1\nfi\n# This output is used by Xcode 'outputs' to avoid re-running this script phase.\necho \"SUCCESS\" > \"${SCRIPT_OUTPUT_FILE_0}\"\n";
			showEnvVarsInLog = 0;
		};
		72E6489A453DB96CB95E582E /* [CP] Embed Pods Frameworks */ = {
			isa = PBXShellScriptBuildPhase;
			buildActionMask = 2147483647;
			files = (
			);
			inputFileListPaths = (
				"${PODS_ROOT}/Target Support Files/Pods-ExampleStyle/Pods-ExampleStyle-frameworks-${CONFIGURATION}-input-files.xcfilelist",
			);
			name = "[CP] Embed Pods Frameworks";
			outputFileListPaths = (
				"${PODS_ROOT}/Target Support Files/Pods-ExampleStyle/Pods-ExampleStyle-frameworks-${CONFIGURATION}-output-files.xcfilelist",
			);
			runOnlyForDeploymentPostprocessing = 0;
			shellPath = /bin/sh;
			shellScript = "\"${PODS_ROOT}/Target Support Files/Pods-ExampleStyle/Pods-ExampleStyle-frameworks.sh\"\n";
			showEnvVarsInLog = 0;
		};
/* End PBXShellScriptBuildPhase section */

/* Begin PBXSourcesBuildPhase section */
		71087F8825652D9400FF41B6 /* Sources */ = {
			isa = PBXSourcesBuildPhase;
			buildActionMask = 2147483647;
			files = (
				71087F9425652D9400FF41B6 /* ViewController.swift in Sources */,
				7194100F25653995002545F3 /* ThemeView.swift in Sources */,
				71941013256539AF002545F3 /* ThemeLabel.swift in Sources */,
				71087F9025652D9400FF41B6 /* AppDelegate.swift in Sources */,
			);
			runOnlyForDeploymentPostprocessing = 0;
		};
/* End PBXSourcesBuildPhase section */

/* Begin PBXVariantGroup section */
		71087F9525652D9400FF41B6 /* Main.storyboard */ = {
			isa = PBXVariantGroup;
			children = (
				71087F9625652D9400FF41B6 /* Base */,
			);
			name = Main.storyboard;
			sourceTree = "<group>";
		};
		71087F9A25652D9500FF41B6 /* LaunchScreen.storyboard */ = {
			isa = PBXVariantGroup;
			children = (
				71087F9B25652D9500FF41B6 /* Base */,
			);
			name = LaunchScreen.storyboard;
			sourceTree = "<group>";
		};
/* End PBXVariantGroup section */

/* Begin XCBuildConfiguration section */
		71087F9E25652D9500FF41B6 /* Debug */ = {
			isa = XCBuildConfiguration;
			buildSettings = {
				ALWAYS_SEARCH_USER_PATHS = NO;
				CLANG_ANALYZER_NONNULL = YES;
				CLANG_ANALYZER_NUMBER_OBJECT_CONVERSION = YES_AGGRESSIVE;
				CLANG_CXX_LANGUAGE_STANDARD = "gnu++14";
				CLANG_CXX_LIBRARY = "libc++";
				CLANG_ENABLE_MODULES = YES;
				CLANG_ENABLE_OBJC_ARC = YES;
				CLANG_ENABLE_OBJC_WEAK = YES;
				CLANG_WARN_BLOCK_CAPTURE_AUTORELEASING = YES;
				CLANG_WARN_BOOL_CONVERSION = YES;
				CLANG_WARN_COMMA = YES;
				CLANG_WARN_CONSTANT_CONVERSION = YES;
				CLANG_WARN_DEPRECATED_OBJC_IMPLEMENTATIONS = YES;
				CLANG_WARN_DIRECT_OBJC_ISA_USAGE = YES_ERROR;
				CLANG_WARN_DOCUMENTATION_COMMENTS = YES;
				CLANG_WARN_EMPTY_BODY = YES;
				CLANG_WARN_ENUM_CONVERSION = YES;
				CLANG_WARN_INFINITE_RECURSION = YES;
				CLANG_WARN_INT_CONVERSION = YES;
				CLANG_WARN_NON_LITERAL_NULL_CONVERSION = YES;
				CLANG_WARN_OBJC_IMPLICIT_RETAIN_SELF = YES;
				CLANG_WARN_OBJC_LITERAL_CONVERSION = YES;
				CLANG_WARN_OBJC_ROOT_CLASS = YES_ERROR;
				CLANG_WARN_RANGE_LOOP_ANALYSIS = YES;
				CLANG_WARN_STRICT_PROTOTYPES = YES;
				CLANG_WARN_SUSPICIOUS_MOVE = YES;
				CLANG_WARN_UNGUARDED_AVAILABILITY = YES_AGGRESSIVE;
				CLANG_WARN_UNREACHABLE_CODE = YES;
				CLANG_WARN__DUPLICATE_METHOD_MATCH = YES;
				COPY_PHASE_STRIP = NO;
				DEBUG_INFORMATION_FORMAT = dwarf;
				ENABLE_STRICT_OBJC_MSGSEND = YES;
				ENABLE_TESTABILITY = YES;
				GCC_C_LANGUAGE_STANDARD = gnu11;
				GCC_DYNAMIC_NO_PIC = NO;
				GCC_NO_COMMON_BLOCKS = YES;
				GCC_OPTIMIZATION_LEVEL = 0;
				GCC_PREPROCESSOR_DEFINITIONS = (
					"DEBUG=1",
					"$(inherited)",
				);
				GCC_WARN_64_TO_32_BIT_CONVERSION = YES;
				GCC_WARN_ABOUT_RETURN_TYPE = YES_ERROR;
				GCC_WARN_UNDECLARED_SELECTOR = YES;
				GCC_WARN_UNINITIALIZED_AUTOS = YES_AGGRESSIVE;
				GCC_WARN_UNUSED_FUNCTION = YES;
				GCC_WARN_UNUSED_VARIABLE = YES;
				IPHONEOS_DEPLOYMENT_TARGET = 11.0;
				MTL_ENABLE_DEBUG_INFO = INCLUDE_SOURCE;
				MTL_FAST_MATH = YES;
				ONLY_ACTIVE_ARCH = YES;
				SDKROOT = iphoneos;
				SWIFT_ACTIVE_COMPILATION_CONDITIONS = DEBUG;
				SWIFT_OPTIMIZATION_LEVEL = "-Onone";
			};
			name = Debug;
		};
		71087F9F25652D9500FF41B6 /* Release */ = {
			isa = XCBuildConfiguration;
			buildSettings = {
				ALWAYS_SEARCH_USER_PATHS = NO;
				CLANG_ANALYZER_NONNULL = YES;
				CLANG_ANALYZER_NUMBER_OBJECT_CONVERSION = YES_AGGRESSIVE;
				CLANG_CXX_LANGUAGE_STANDARD = "gnu++14";
				CLANG_CXX_LIBRARY = "libc++";
				CLANG_ENABLE_MODULES = YES;
				CLANG_ENABLE_OBJC_ARC = YES;
				CLANG_ENABLE_OBJC_WEAK = YES;
				CLANG_WARN_BLOCK_CAPTURE_AUTORELEASING = YES;
				CLANG_WARN_BOOL_CONVERSION = YES;
				CLANG_WARN_COMMA = YES;
				CLANG_WARN_CONSTANT_CONVERSION = YES;
				CLANG_WARN_DEPRECATED_OBJC_IMPLEMENTATIONS = YES;
				CLANG_WARN_DIRECT_OBJC_ISA_USAGE = YES_ERROR;
				CLANG_WARN_DOCUMENTATION_COMMENTS = YES;
				CLANG_WARN_EMPTY_BODY = YES;
				CLANG_WARN_ENUM_CONVERSION = YES;
				CLANG_WARN_INFINITE_RECURSION = YES;
				CLANG_WARN_INT_CONVERSION = YES;
				CLANG_WARN_NON_LITERAL_NULL_CONVERSION = YES;
				CLANG_WARN_OBJC_IMPLICIT_RETAIN_SELF = YES;
				CLANG_WARN_OBJC_LITERAL_CONVERSION = YES;
				CLANG_WARN_OBJC_ROOT_CLASS = YES_ERROR;
				CLANG_WARN_RANGE_LOOP_ANALYSIS = YES;
				CLANG_WARN_STRICT_PROTOTYPES = YES;
				CLANG_WARN_SUSPICIOUS_MOVE = YES;
				CLANG_WARN_UNGUARDED_AVAILABILITY = YES_AGGRESSIVE;
				CLANG_WARN_UNREACHABLE_CODE = YES;
				CLANG_WARN__DUPLICATE_METHOD_MATCH = YES;
				COPY_PHASE_STRIP = NO;
				DEBUG_INFORMATION_FORMAT = "dwarf-with-dsym";
				ENABLE_NS_ASSERTIONS = NO;
				ENABLE_STRICT_OBJC_MSGSEND = YES;
				GCC_C_LANGUAGE_STANDARD = gnu11;
				GCC_NO_COMMON_BLOCKS = YES;
				GCC_WARN_64_TO_32_BIT_CONVERSION = YES;
				GCC_WARN_ABOUT_RETURN_TYPE = YES_ERROR;
				GCC_WARN_UNDECLARED_SELECTOR = YES;
				GCC_WARN_UNINITIALIZED_AUTOS = YES_AGGRESSIVE;
				GCC_WARN_UNUSED_FUNCTION = YES;
				GCC_WARN_UNUSED_VARIABLE = YES;
				IPHONEOS_DEPLOYMENT_TARGET = 11.0;
				MTL_ENABLE_DEBUG_INFO = NO;
				MTL_FAST_MATH = YES;
				SDKROOT = iphoneos;
				SWIFT_COMPILATION_MODE = wholemodule;
				SWIFT_OPTIMIZATION_LEVEL = "-O";
				VALIDATE_PRODUCT = YES;
			};
			name = Release;
		};
		71087FA125652D9500FF41B6 /* Debug */ = {
			isa = XCBuildConfiguration;
			baseConfigurationReference = 0C9D5B859796BAA719CC6436 /* Pods-ExampleStyle.debug.xcconfig */;
			buildSettings = {
				ASSETCATALOG_COMPILER_APPICON_NAME = AppIcon;
				CODE_SIGN_STYLE = Automatic;
				DEVELOPMENT_TEAM = W359JEA2FQ;
				INFOPLIST_FILE = ExampleStyle/Info.plist;
				IPHONEOS_DEPLOYMENT_TARGET = 11.0;
				LD_RUNPATH_SEARCH_PATHS = (
					"$(inherited)",
					"@executable_path/Frameworks",
				);
				PRODUCT_BUNDLE_IDENTIFIER = com.yursavitskiy.ExampleStyle;
				PRODUCT_NAME = "$(TARGET_NAME)";
				SWIFT_VERSION = 5.0;
				TARGETED_DEVICE_FAMILY = "1,2";
			};
			name = Debug;
		};
		71087FA225652D9500FF41B6 /* Release */ = {
			isa = XCBuildConfiguration;
			baseConfigurationReference = A5AB57F6B98D919E3CA159DC /* Pods-ExampleStyle.release.xcconfig */;
			buildSettings = {
				ASSETCATALOG_COMPILER_APPICON_NAME = AppIcon;
				CODE_SIGN_STYLE = Automatic;
				DEVELOPMENT_TEAM = W359JEA2FQ;
				INFOPLIST_FILE = ExampleStyle/Info.plist;
				IPHONEOS_DEPLOYMENT_TARGET = 11.0;
				LD_RUNPATH_SEARCH_PATHS = (
					"$(inherited)",
					"@executable_path/Frameworks",
				);
				PRODUCT_BUNDLE_IDENTIFIER = com.yursavitskiy.ExampleStyle;
				PRODUCT_NAME = "$(TARGET_NAME)";
				SWIFT_VERSION = 5.0;
				TARGETED_DEVICE_FAMILY = "1,2";
			};
			name = Release;
		};
/* End XCBuildConfiguration section */

/* Begin XCConfigurationList section */
		71087F8725652D9400FF41B6 /* Build configuration list for PBXProject "ExampleStyle" */ = {
			isa = XCConfigurationList;
			buildConfigurations = (
				71087F9E25652D9500FF41B6 /* Debug */,
				71087F9F25652D9500FF41B6 /* Release */,
			);
			defaultConfigurationIsVisible = 0;
			defaultConfigurationName = Release;
		};
		71087FA025652D9500FF41B6 /* Build configuration list for PBXNativeTarget "ExampleStyle" */ = {
			isa = XCConfigurationList;
			buildConfigurations = (
				71087FA125652D9500FF41B6 /* Debug */,
				71087FA225652D9500FF41B6 /* Release */,
			);
			defaultConfigurationIsVisible = 0;
			defaultConfigurationName = Release;
		};
/* End XCConfigurationList section */
	};
	rootObject = 71087F8425652D9400FF41B6 /* Project object */;
}
